
Microsoft Visual Studio Solution File, Format Version 12.00
# Visual Studio Version 16
VisualStudioVersion = 16.0.31729.503
MinimumVisualStudioVersion = 10.0.40219.1
Project("{FAE04EC0-301F-11D3-BF4B-00C04F79EFBC}") = "ConsoleApp-open-win-NTR", "ConsoleApp-open-win-NTR\ConsoleApp-open-win-NTR.csproj", "{A219E155-A63D-4AAE-9329-986E35070320}"
EndProject
Global
	GlobalSection(SolutionConfigurationPlatforms) = preSolution
		Debug|Any CPU = Debug|Any CPU
		Release|Any CPU = Release|Any CPU
	EndGlobalSection
	GlobalSection(ProjectConfigurationPlatforms) = postSolution
		{A219E155-A63D-4AAE-9329-986E35070320}.Debug|Any CPU.ActiveCfg = Debug|Any CPU
		{A219E155-A63D-4AAE-9329-986E35070320}.Debug|Any CPU.Build.0 = Debug|Any CPU
		{A219E155-A63D-4AAE-9329-986E35070320}.Release|Any CPU.ActiveCfg = Release|Any CPU
		{A219E155-A63D-4AAE-9329-986E35070320}.Release|Any CPU.Build.0 = Release|Any CPU
	EndGlobalSection
	GlobalSection(SolutionProperties) = preSolution
		HideSolutionNode = FALSE
	EndGlobalSection
	GlobalSection(ExtensibilityGlobals) = postSolution
		SolutionGuid = {AC13A98C-310F-4537-A269-F7733F577B5E}
	EndGlobalSection
EndGlobal
